<?xml version="1.0" encoding="utf-8"?>
<Project ToolsVersion="4.0" xmlns="http://schemas.microsoft.com/developer/msbuild/2003">
  <ItemGroup>
    <Filter Include="Source Files">
      <UniqueIdentifier>{4FC737F1-C7A5-4376-A066-2A32D752A2FF}</UniqueIdentifier>
      <Extensions>cpp;c;cc;cxx;def;odl;idl;hpj;bat;asm;asmx</Extensions>
    </Filter>
    <Filter Include="Header Files">
      <UniqueIdentifier>{93995380-89BD-4b04-88EB-625FBE52EBFB}</UniqueIdentifier>
      <Extensions>h;hpp;hxx;hm;inl;inc;xsd</Extensions>
    </Filter>
    <Filter Include="Game Exceptions">
      <UniqueIdentifier>{35c01a25-95f5-4fae-b94b-5ed7d6c0c76a}</UniqueIdentifier>
    </Filter>
    <Filter Include="Classes">
      <UniqueIdentifier>{f01ec21f-5161-4c21-bd44-c0228e2ea5df}</UniqueIdentifier>
    </Filter>
    <Filter Include="Classes\Card">
      <UniqueIdentifier>{00721920-bc93-4438-8ef5-493cc0529ccf}</UniqueIdentifier>
    </Filter>
    <Filter Include="Classes\Deck">
      <UniqueIdentifier>{d6a74592-d13d-4dea-b9c0-2d30709b9bbd}</UniqueIdentifier>
    </Filter>
    <Filter Include="Classes\Localization">
      <UniqueIdentifier>{086f2f8c-56a2-4a37-9a81-f57334ce0851}</UniqueIdentifier>
    </Filter>
    <Filter Include="Classes\Game">
      <UniqueIdentifier>{f6801f0d-7a99-48b6-870a-74df9bb2c5fd}</UniqueIdentifier>
    </Filter>
    <Filter Include="Classes\Blackjack">
      <UniqueIdentifier>{a1977ace-97ae-4af4-955f-7de678ad455a}</UniqueIdentifier>
    </Filter>
    <Filter Include="Classes\Hand">
      <UniqueIdentifier>{03b03a38-fd27-4f7c-ae80-2fa1147021db}</UniqueIdentifier>
    </Filter>
    <Filter Include="Classes\Player">
      <UniqueIdentifier>{616ddd5c-4b76-4a94-b9bf-8ec7aa14ed9f}</UniqueIdentifier>
    </Filter>
  </ItemGroup>
  <ItemGroup>
    <ClInclude Include="utilities.h">
      <Filter>Header Files</Filter>
    </ClInclude>
    <ClInclude Include="player.h">
      <Filter>Classes\Player</Filter>
    </ClInclude>
    <ClInclude Include="card.h">
      <Filter>Classes\Card</Filter>
    </ClInclude>
    <ClInclude Include="deck.h">
      <Filter>Classes\Deck</Filter>
    </ClInclude>
    <ClInclude Include="localization.h">
      <Filter>Classes\Localization</Filter>
    </ClInclude>
    <ClInclude Include="game.h">
      <Filter>Classes\Game</Filter>
    </ClInclude>
    <ClInclude Include="blackjack.h">
      <Filter>Classes\Blackjack</Filter>
    </ClInclude>
    <ClInclude Include="hand.h">
      <Filter>Classes\Hand</Filter>
    </ClInclude>
    <ClInclude Include="gameExceptions.h">
      <Filter>Game Exceptions</Filter>
    </ClInclude>
  </ItemGroup>
  <ItemGroup>
    <ClCompile Include="main.cpp">
      <Filter>Source Files</Filter>
    </ClCompile>
    <ClCompile Include="player.cpp">
      <Filter>Classes\Player</Filter>
    </ClCompile>
    <ClCompile Include="card.cpp">
      <Filter>Classes\Card</Filter>
    </ClCompile>
    <ClCompile Include="deck.cpp">
      <Filter>Classes\Deck</Filter>
    </ClCompile>
    <ClCompile Include="localization.cpp">
      <Filter>Classes\Localization</Filter>
    </ClCompile>
    <ClCompile Include="game.cpp">
      <Filter>Classes\Game</Filter>
    </ClCompile>
    <ClCompile Include="blackjack.cpp">
      <Filter>Classes\Blackjack</Filter>
    </ClCompile>
    <ClCompile Include="hand.cpp">
      <Filter>Classes\Hand</Filter>
    </ClCompile>
    <ClCompile Include="utilities.cpp">
      <Filter>Source Files</Filter>
    </ClCompile>
  </ItemGroup>
</Project>